// !$*UTF8*$!
{
	archiveVersion = 1;
	classes = {
	};
	objectVersion = 55;
	objects = {

/* Begin PBXBuildFile section */
		07D78B682893626C009FCA2D /* AppDelegate.swift in Sources */ = {isa = PBXBuildFile; fileRef = 07D78B672893626C009FCA2D /* AppDelegate.swift */; };
		07D78B6A2893626C009FCA2D /* SceneDelegate.swift in Sources */ = {isa = PBXBuildFile; fileRef = 07D78B692893626C009FCA2D /* SceneDelegate.swift */; };
		07D78B6C2893626C009FCA2D /* BasicsViewController.swift in Sources */ = {isa = PBXBuildFile; fileRef = 07D78B6B2893626C009FCA2D /* BasicsViewController.swift */; };
		07D78B6F2893626C009FCA2D /* Main.storyboard in Resources */ = {isa = PBXBuildFile; fileRef = 07D78B6D2893626C009FCA2D /* Main.storyboard */; };
		07D78B712893626F009FCA2D /* Assets.xcassets in Resources */ = {isa = PBXBuildFile; fileRef = 07D78B702893626F009FCA2D /* Assets.xcassets */; };
		07D78B742893626F009FCA2D /* LaunchScreen.storyboard in Resources */ = {isa = PBXBuildFile; fileRef = 07D78B722893626F009FCA2D /* LaunchScreen.storyboard */; };
		07D78B7C28936F85009FCA2D /* Movie.swift in Sources */ = {isa = PBXBuildFile; fileRef = 07D78B7B28936F85009FCA2D /* Movie.swift */; };
		07D78B8028936FAC009FCA2D /* MovieViewModel.swift in Sources */ = {isa = PBXBuildFile; fileRef = 07D78B7F28936FAC009FCA2D /* MovieViewModel.swift */; };
		07D78B85289379F2009FCA2D /* AddNewMoviewViewController.swift in Sources */ = {isa = PBXBuildFile; fileRef = 07D78B84289379F2009FCA2D /* AddNewMoviewViewController.swift */; };
/* End PBXBuildFile section */

/* Begin PBXFileReference section */
		07D78B642893626C009FCA2D /* TableViewBasics.app */ = {isa = PBXFileReference; explicitFileType = wrapper.application; includeInIndex = 0; path = TableViewBasics.app; sourceTree = BUILT_PRODUCTS_DIR; };
		07D78B672893626C009FCA2D /* AppDelegate.swift */ = {isa = PBXFileReference; lastKnownFileType = sourcecode.swift; path = AppDelegate.swift; sourceTree = "<group>"; };
		07D78B692893626C009FCA2D /* SceneDelegate.swift */ = {isa = PBXFileReference; lastKnownFileType = sourcecode.swift; path = SceneDelegate.swift; sourceTree = "<group>"; };
		07D78B6B2893626C009FCA2D /* BasicsViewController.swift */ = {isa = PBXFileReference; lastKnownFileType = sourcecode.swift; path = BasicsViewController.swift; sourceTree = "<group>"; };
		07D78B6E2893626C009FCA2D /* Base */ = {isa = PBXFileReference; lastKnownFileType = file.storyboard; name = Base; path = Base.lproj/Main.storyboard; sourceTree = "<group>"; };
		07D78B702893626F009FCA2D /* Assets.xcassets */ = {isa = PBXFileReference; lastKnownFileType = folder.assetcatalog; path = Assets.xcassets; sourceTree = "<group>"; };
		07D78B732893626F009FCA2D /* Base */ = {isa = PBXFileReference; lastKnownFileType = file.storyboard; name = Base; path = Base.lproj/LaunchScreen.storyboard; sourceTree = "<group>"; };
		07D78B752893626F009FCA2D /* Info.plist */ = {isa = PBXFileReference; lastKnownFileType = text.plist.xml; path = Info.plist; sourceTree = "<group>"; };
		07D78B7B28936F85009FCA2D /* Movie.swift */ = {isa = PBXFileReference; lastKnownFileType = sourcecode.swift; path = Movie.swift; sourceTree = "<group>"; };
		07D78B7F28936FAC009FCA2D /* MovieViewModel.swift */ = {isa = PBXFileReference; lastKnownFileType = sourcecode.swift; path = MovieViewModel.swift; sourceTree = "<group>"; };
		07D78B84289379F2009FCA2D /* AddNewMoviewViewController.swift */ = {isa = PBXFileReference; lastKnownFileType = sourcecode.swift; path = AddNewMoviewViewController.swift; sourceTree = "<group>"; };
/* End PBXFileReference section */

/* Begin PBXFrameworksBuildPhase section */
		07D78B612893626C009FCA2D /* Frameworks */ = {
			isa = PBXFrameworksBuildPhase;
			buildActionMask = 2147483647;
			files = (
			);
			runOnlyForDeploymentPostprocessing = 0;
		};
/* End PBXFrameworksBuildPhase section */

/* Begin PBXGroup section */
		07D78B5B2893626C009FCA2D = {
			isa = PBXGroup;
			children = (
				07D78B662893626C009FCA2D /* TableViewBasics */,
				07D78B652893626C009FCA2D /* Products */,
			);
			sourceTree = "<group>";
		};
		07D78B652893626C009FCA2D /* Products */ = {
			isa = PBXGroup;
			children = (
				07D78B642893626C009FCA2D /* TableViewBasics.app */,
			);
			name = Products;
			sourceTree = "<group>";
		};
		07D78B662893626C009FCA2D /* TableViewBasics */ = {
			isa = PBXGroup;
			children = (
				07D78B81289379B0009FCA2D /* ViewControllers */,
				07D78B7E28936F9C009FCA2D /* ViewModels */,
				07D78B7D28936F8F009FCA2D /* Models */,
				07D78B672893626C009FCA2D /* AppDelegate.swift */,
				07D78B692893626C009FCA2D /* SceneDelegate.swift */,
				07D78B6D2893626C009FCA2D /* Main.storyboard */,
				07D78B702893626F009FCA2D /* Assets.xcassets */,
				07D78B722893626F009FCA2D /* LaunchScreen.storyboard */,
				07D78B752893626F009FCA2D /* Info.plist */,
			);
			path = TableViewBasics;
			sourceTree = "<group>";
		};
		07D78B7D28936F8F009FCA2D /* Models */ = {
			isa = PBXGroup;
			children = (
				07D78B7B28936F85009FCA2D /* Movie.swift */,
			);
			path = Models;
			sourceTree = "<group>";
		};
		07D78B7E28936F9C009FCA2D /* ViewModels */ = {
			isa = PBXGroup;
			children = (
				07D78B7F28936FAC009FCA2D /* MovieViewModel.swift */,
			);
			path = ViewModels;
			sourceTree = "<group>";
		};
		07D78B81289379B0009FCA2D /* ViewControllers */ = {
			isa = PBXGroup;
			children = (
				07D78B6B2893626C009FCA2D /* BasicsViewController.swift */,
				07D78B84289379F2009FCA2D /* AddNewMoviewViewController.swift */,
			);
			path = ViewControllers;
			sourceTree = "<group>";
		};
/* End PBXGroup section */

/* Begin PBXNativeTarget section */
		07D78B632893626C009FCA2D /* TableViewBasics */ = {
			isa = PBXNativeTarget;
			buildConfigurationList = 07D78B782893626F009FCA2D /* Build configuration list for PBXNativeTarget "TableViewBasics" */;
			buildPhases = (
				07D78B602893626C009FCA2D /* Sources */,
				07D78B612893626C009FCA2D /* Frameworks */,
				07D78B622893626C009FCA2D /* Resources */,
			);
			buildRules = (
			);
			dependencies = (
			);
			name = TableViewBasics;
			productName = TableViewBasics;
			productReference = 07D78B642893626C009FCA2D /* TableViewBasics.app */;
			productType = "com.apple.product-type.application";
		};
/* End PBXNativeTarget section */

/* Begin PBXProject section */
		07D78B5C2893626C009FCA2D /* Project object */ = {
			isa = PBXProject;
			attributes = {
				BuildIndependentTargetsInParallel = 1;
				LastSwiftUpdateCheck = 1320;
				LastUpgradeCheck = 1320;
				TargetAttributes = {
					07D78B632893626C009FCA2D = {
						CreatedOnToolsVersion = 13.2.1;
					};
				};
			};
			buildConfigurationList = 07D78B5F2893626C009FCA2D /* Build configuration list for PBXProject "TableViewBasics" */;
			compatibilityVersion = "Xcode 13.0";
			developmentRegion = en;
			hasScannedForEncodings = 0;
			knownRegions = (
				en,
				Base,
			);
			mainGroup = 07D78B5B2893626C009FCA2D;
			productRefGroup = 07D78B652893626C009FCA2D /* Products */;
			projectDirPath = "";
			projectRoot = "";
			targets = (
				07D78B632893626C009FCA2D /* TableViewBasics */,
			);
		};
/* End PBXProject section */

/* Begin PBXResourcesBuildPhase section */
		07D78B622893626C009FCA2D /* Resources */ = {
			isa = PBXResourcesBuildPhase;
			buildActionMask = 2147483647;
			files = (
				07D78B742893626F009FCA2D /* LaunchScreen.storyboard in Resources */,
				07D78B712893626F009FCA2D /* Assets.xcassets in Resources */,
				07D78B6F2893626C009FCA2D /* Main.storyboard in Resources */,
			);
			runOnlyForDeploymentPostprocessing = 0;
		};
/* End PBXResourcesBuildPhase section */

/* Begin PBXSourcesBuildPhase section */
		07D78B602893626C009FCA2D /* Sources */ = {
			isa = PBXSourcesBuildPhase;
			buildActionMask = 2147483647;
			files = (
				07D78B6C2893626C009FCA2D /* BasicsViewController.swift in Sources */,
				07D78B8028936FAC009FCA2D /* MovieViewModel.swift in Sources */,
				07D78B85289379F2009FCA2D /* AddNewMoviewViewController.swift in Sources */,
				07D78B682893626C009FCA2D /* AppDelegate.swift in Sources */,
				07D78B7C28936F85009FCA2D /* Movie.swift in Sources */,
				07D78B6A2893626C009FCA2D /* SceneDelegate.swift in Sources */,
			);
			runOnlyForDeploymentPostprocessing = 0;
		};
/* End PBXSourcesBuildPhase section */

/* Begin PBXVariantGroup section */
		07D78B6D2893626C009FCA2D /* Main.storyboard */ = {
			isa = PBXVariantGroup;
			children = (
				07D78B6E2893626C009FCA2D /* Base */,
			);
			name = Main.storyboard;
			sourceTree = "<group>";
		};
		07D78B722893626F009FCA2D /* LaunchScreen.storyboard */ = {
			isa = PBXVariantGroup;
			children = (
				07D78B732893626F009FCA2D /* Base */,
			);
			name = LaunchScreen.storyboard;
			sourceTree = "<group>";
		};
/* End PBXVariantGroup section */

/* Begin XCBuildConfiguration section */
		07D78B762893626F009FCA2D /* Debug */ = {
			isa = XCBuildConfiguration;
			buildSettings = {
				ALWAYS_SEARCH_USER_PATHS = NO;
				CLANG_ANALYZER_NONNULL = YES;
				CLANG_ANALYZER_NUMBER_OBJECT_CONVERSION = YES_AGGRESSIVE;
				CLANG_CXX_LANGUAGE_STANDARD = "gnu++17";
				CLANG_CXX_LIBRARY = "libc++";
				CLANG_ENABLE_MODULES = YES;
				CLANG_ENABLE_OBJC_ARC = YES;
				CLANG_ENABLE_OBJC_WEAK = YES;
				CLANG_WARN_BLOCK_CAPTURE_AUTORELEASING = YES;
				CLANG_WARN_BOOL_CONVERSION = YES;
				CLANG_WARN_COMMA = YES;
				CLANG_WARN_CONSTANT_CONVERSION = YES;
				CLANG_WARN_DEPRECATED_OBJC_IMPLEMENTATIONS = YES;
				CLANG_WARN_DIRECT_OBJC_ISA_USAGE = YES_ERROR;
				CLANG_WARN_DOCUMENTATION_COMMENTS = YES;
				CLANG_WARN_EMPTY_BODY = YES;
				CLANG_WARN_ENUM_CONVERSION = YES;
				CLANG_WARN_INFINITE_RECURSION = YES;
				CLANG_WARN_INT_CONVERSION = YES;
				CLANG_WARN_NON_LITERAL_NULL_CONVERSION = YES;
				CLANG_WARN_OBJC_IMPLICIT_RETAIN_SELF = YES;
				CLANG_WARN_OBJC_LITERAL_CONVERSION = YES;
				CLANG_WARN_OBJC_ROOT_CLASS = YES_ERROR;
				CLANG_WARN_QUOTED_INCLUDE_IN_FRAMEWORK_HEADER = YES;
				CLANG_WARN_RANGE_LOOP_ANALYSIS = YES;
				CLANG_WARN_STRICT_PROTOTYPES = YES;
				CLANG_WARN_SUSPICIOUS_MOVE = YES;
				CLANG_WARN_UNGUARDED_AVAILABILITY = YES_AGGRESSIVE;
				CLANG_WARN_UNREACHABLE_CODE = YES;
				CLANG_WARN__DUPLICATE_METHOD_MATCH = YES;
				COPY_PHASE_STRIP = NO;
				DEBUG_INFORMATION_FORMAT = dwarf;
				ENABLE_STRICT_OBJC_MSGSEND = YES;
				ENABLE_TESTABILITY = YES;
				GCC_C_LANGUAGE_STANDARD = gnu11;
				GCC_DYNAMIC_NO_PIC = NO;
				GCC_NO_COMMON_BLOCKS = YES;
				GCC_OPTIMIZATION_LEVEL = 0;
				GCC_PREPROCESSOR_DEFINITIONS = (
					"DEBUG=1",
					"$(inherited)",
				);
				GCC_WARN_64_TO_32_BIT_CONVERSION = YES;
				GCC_WARN_ABOUT_RETURN_TYPE = YES_ERROR;
				GCC_WARN_UNDECLARED_SELECTOR = YES;
				GCC_WARN_UNINITIALIZED_AUTOS = YES_AGGRESSIVE;
				GCC_WARN_UNUSED_FUNCTION = YES;
				GCC_WARN_UNUSED_VARIABLE = YES;
				IPHONEOS_DEPLOYMENT_TARGET = 15.2;
				MTL_ENABLE_DEBUG_INFO = INCLUDE_SOURCE;
				MTL_FAST_MATH = YES;
				ONLY_ACTIVE_ARCH = YES;
				SDKROOT = iphoneos;
				SWIFT_ACTIVE_COMPILATION_CONDITIONS = DEBUG;
				SWIFT_OPTIMIZATION_LEVEL = "-Onone";
			};
			name = Debug;
		};
		07D78B772893626F009FCA2D /* Release */ = {
			isa = XCBuildConfiguration;
			buildSettings = {
				ALWAYS_SEARCH_USER_PATHS = NO;
				CLANG_ANALYZER_NONNULL = YES;
				CLANG_ANALYZER_NUMBER_OBJECT_CONVERSION = YES_AGGRESSIVE;
				CLANG_CXX_LANGUAGE_STANDARD = "gnu++17";
				CLANG_CXX_LIBRARY = "libc++";
				CLANG_ENABLE_MODULES = YES;
				CLANG_ENABLE_OBJC_ARC = YES;
				CLANG_ENABLE_OBJC_WEAK = YES;
				CLANG_WARN_BLOCK_CAPTURE_AUTORELEASING = YES;
				CLANG_WARN_BOOL_CONVERSION = YES;
				CLANG_WARN_COMMA = YES;
				CLANG_WARN_CONSTANT_CONVERSION = YES;
				CLANG_WARN_DEPRECATED_OBJC_IMPLEMENTATIONS = YES;
				CLANG_WARN_DIRECT_OBJC_ISA_USAGE = YES_ERROR;
				CLANG_WARN_DOCUMENTATION_COMMENTS = YES;
				CLANG_WARN_EMPTY_BODY = YES;
				CLANG_WARN_ENUM_CONVERSION = YES;
				CLANG_WARN_INFINITE_RECURSION = YES;
				CLANG_WARN_INT_CONVERSION = YES;
				CLANG_WARN_NON_LITERAL_NULL_CONVERSION = YES;
				CLANG_WARN_OBJC_IMPLICIT_RETAIN_SELF = YES;
				CLANG_WARN_OBJC_LITERAL_CONVERSION = YES;
				CLANG_WARN_OBJC_ROOT_CLASS = YES_ERROR;
				CLANG_WARN_QUOTED_INCLUDE_IN_FRAMEWORK_HEADER = YES;
				CLANG_WARN_RANGE_LOOP_ANALYSIS = YES;
				CLANG_WARN_STRICT_PROTOTYPES = YES;
				CLANG_WARN_SUSPICIOUS_MOVE = YES;
				CLANG_WARN_UNGUARDED_AVAILABILITY = YES_AGGRESSIVE;
				CLANG_WARN_UNREACHABLE_CODE = YES;
				CLANG_WARN__DUPLICATE_METHOD_MATCH = YES;
				COPY_PHASE_STRIP = NO;
				DEBUG_INFORMATION_FORMAT = "dwarf-with-dsym";
				ENABLE_NS_ASSERTIONS = NO;
				ENABLE_STRICT_OBJC_MSGSEND = YES;
				GCC_C_LANGUAGE_STANDARD = gnu11;
				GCC_NO_COMMON_BLOCKS = YES;
				GCC_WARN_64_TO_32_BIT_CONVERSION = YES;
				GCC_WARN_ABOUT_RETURN_TYPE = YES_ERROR;
				GCC_WARN_UNDECLARED_SELECTOR = YES;
				GCC_WARN_UNINITIALIZED_AUTOS = YES_AGGRESSIVE;
				GCC_WARN_UNUSED_FUNCTION = YES;
				GCC_WARN_UNUSED_VARIABLE = YES;
				IPHONEOS_DEPLOYMENT_TARGET = 15.2;
				MTL_ENABLE_DEBUG_INFO = NO;
				MTL_FAST_MATH = YES;
				SDKROOT = iphoneos;
				SWIFT_COMPILATION_MODE = wholemodule;
				SWIFT_OPTIMIZATION_LEVEL = "-O";
				VALIDATE_PRODUCT = YES;
			};
			name = Release;
		};
		07D78B792893626F009FCA2D /* Debug */ = {
			isa = XCBuildConfiguration;
			buildSettings = {
				ASSETCATALOG_COMPILER_APPICON_NAME = AppIcon;
				ASSETCATALOG_COMPILER_GLOBAL_ACCENT_COLOR_NAME = AccentColor;
				CODE_SIGN_STYLE = Automatic;
				CURRENT_PROJECT_VERSION = 1;
				GENERATE_INFOPLIST_FILE = YES;
				INFOPLIST_FILE = TableViewBasics/Info.plist;
				INFOPLIST_KEY_UIApplicationSupportsIndirectInputEvents = YES;
				INFOPLIST_KEY_UILaunchStoryboardName = LaunchScreen;
				INFOPLIST_KEY_UIMainStoryboardFile = Main;
				INFOPLIST_KEY_UISupportedInterfaceOrientations_iPad = "UIInterfaceOrientationPortrait UIInterfaceOrientationPortraitUpsideDown UIInterfaceOrientationLandscapeLeft UIInterfaceOrientationLandscapeRight";
				INFOPLIST_KEY_UISupportedInterfaceOrientations_iPhone = "UIInterfaceOrientationPortrait UIInterfaceOrientationLandscapeLeft UIInterfaceOrientationLandscapeRight";
				LD_RUNPATH_SEARCH_PATHS = (
					"$(inherited)",
					"@executable_path/Frameworks",
				);
				MARKETING_VERSION = 1.0;
				PRODUCT_BUNDLE_IDENTIFIER = com.cambrian.TableViewBasics;
				PRODUCT_NAME = "$(TARGET_NAME)";
				SWIFT_EMIT_LOC_STRINGS = YES;
				SWIFT_VERSION = 5.0;
				TARGETED_DEVICE_FAMILY = "1,2";
			};
			name = Debug;
		};
		07D78B7A2893626F009FCA2D /* Release */ = {
			isa = XCBuildConfiguration;
			buildSettings = {
				ASSETCATALOG_COMPILER_APPICON_NAME = AppIcon;
				ASSETCATALOG_COMPILER_GLOBAL_ACCENT_COLOR_NAME = AccentColor;
				CODE_SIGN_STYLE = Automatic;
				CURRENT_PROJECT_VERSION = 1;
				GENERATE_INFOPLIST_FILE = YES;
				INFOPLIST_FILE = TableViewBasics/Info.plist;
				INFOPLIST_KEY_UIApplicationSupportsIndirectInputEvents = YES;
				INFOPLIST_KEY_UILaunchStoryboardName = LaunchScreen;
				INFOPLIST_KEY_UIMainStoryboardFile = Main;
				INFOPLIST_KEY_UISupportedInterfaceOrientations_iPad = "UIInterfaceOrientationPortrait UIInterfaceOrientationPortraitUpsideDown UIInterfaceOrientationLandscapeLeft UIInterfaceOrientationLandscapeRight";
				INFOPLIST_KEY_UISupportedInterfaceOrientations_iPhone = "UIInterfaceOrientationPortrait UIInterfaceOrientationLandscapeLeft UIInterfaceOrientationLandscapeRight";
				LD_RUNPATH_SEARCH_PATHS = (
					"$(inherited)",
					"@executable_path/Frameworks",
				);
				MARKETING_VERSION = 1.0;
				PRODUCT_BUNDLE_IDENTIFIER = com.cambrian.TableViewBasics;
				PRODUCT_NAME = "$(TARGET_NAME)";
				SWIFT_EMIT_LOC_STRINGS = YES;
				SWIFT_VERSION = 5.0;
				TARGETED_DEVICE_FAMILY = "1,2";
			};
			name = Release;
		};
/* End XCBuildConfiguration section */

/* Begin XCConfigurationList section */
		07D78B5F2893626C009FCA2D /* Build configuration list for PBXProject "TableViewBasics" */ = {
			isa = XCConfigurationList;
			buildConfigurations = (
				07D78B762893626F009FCA2D /* Debug */,
				07D78B772893626F009FCA2D /* Release */,
			);
			defaultConfigurationIsVisible = 0;
			defaultConfigurationName = Release;
		};
		07D78B782893626F009FCA2D /* Build configuration list for PBXNativeTarget "TableViewBasics" */ = {
			isa = XCConfigurationList;
			buildConfigurations = (
				07D78B792893626F009FCA2D /* Debug */,
				07D78B7A2893626F009FCA2D /* Release */,
			);
			defaultConfigurationIsVisible = 0;
			defaultConfigurationName = Release;
		};
/* End XCConfigurationList section */
	};
	rootObject = 07D78B5C2893626C009FCA2D /* Project object */;
}
